
Microsoft Visual Studio Solution File, Format Version 12.00
# Visual Studio Version 16
VisualStudioVersion = 16.0.30523.141
MinimumVisualStudioVersion = 10.0.40219.1
Project("{FAE04EC0-301F-11D3-BF4B-00C04F79EFBC}") = "01_EcuatiaDeGrad1", "01_EcuatiaDeGrad1.csproj", "{55D0D9D0-F850-4A30-B486-6DB1A9B9B4CF}"
EndProject
Project("{FAE04EC0-301F-11D3-BF4B-00C04F79EFBC}") = "10_NumarPrim", "..\10_NumarPrim\10_NumarPrim.csproj", "{89E1A63D-46C3-45BA-9DB8-AE3FB5415AE5}"
EndProject
Project("{FAE04EC0-301F-11D3-BF4B-00C04F79EFBC}") = "11_Oglindit", "..\11_Oglindit\11_Oglindit.csproj", "{E8B8AE73-3D1F-46FF-A3D7-207BD45D0699}"
EndProject
Project("{FAE04EC0-301F-11D3-BF4B-00C04F79EFBC}") = "12_IntervalDivizibil", "..\12_IntervalDivizibil\12_IntervalDivizibil.csproj", "{1BBAF16A-D370-4061-B3B0-807169DB9457}"
EndProject
Project("{FAE04EC0-301F-11D3-BF4B-00C04F79EFBC}") = "13_AniBisecti", "..\13_AniBisecti\13_AniBisecti.csproj", "{142F1F77-A4BF-4A25-975F-6025B41D78FE}"
EndProject
Project("{FAE04EC0-301F-11D3-BF4B-00C04F79EFBC}") = "14_Palindrom", "..\14_Palindrom\14_Palindrom.csproj", "{723778BD-5ADC-42EB-BE5F-D472AB1AFD64}"
EndProject
Project("{FAE04EC0-301F-11D3-BF4B-00C04F79EFBC}") = "15_NumereCrescatoare", "..\15_NumereCrescatoare\15_NumereCrescatoare.csproj", "{73B103A0-8591-4669-81C6-60F6CFFEE0C8}"
EndProject
Project("{FAE04EC0-301F-11D3-BF4B-00C04F79EFBC}") = "16_NumereCrescatoare", "..\16_NumereCrescatoare\16_NumereCrescatoare.csproj", "{915C8104-8B98-4491-81EC-6042D7953F37}"
EndProject
Project("{FAE04EC0-301F-11D3-BF4B-00C04F79EFBC}") = "17_Euclid", "..\17_Euclid\17_Euclid.csproj", "{9EAA0305-1EBC-49F6-AA7B-20F7E180801B}"
EndProject
Project("{FAE04EC0-301F-11D3-BF4B-00C04F79EFBC}") = "18_FactoriPrimi", "..\18_FactoriPrimi\18_FactoriPrimi.csproj", "{3B0A0503-EDAC-4558-BCBC-21CA9FD9757E}"
EndProject
Project("{FAE04EC0-301F-11D3-BF4B-00C04F79EFBC}") = "19_NumarDouaCifre", "..\19_NumarDouaCifre\19_NumarDouaCifre.csproj", "{DF51D8CC-67F1-4D87-8FAE-F060E833DDAA}"
EndProject
Project("{FAE04EC0-301F-11D3-BF4B-00C04F79EFBC}") = "20_FormatZecimal", "..\20_FormatZecimal\20_FormatZecimal.csproj", "{56902E66-31A2-42F9-8AA6-AA97AC47036C}"
EndProject
Project("{FAE04EC0-301F-11D3-BF4B-00C04F79EFBC}") = "21_Ghicit", "..\21_Ghicit\21_Ghicit.csproj", "{E9A6860B-9D80-4943-87D7-F408F056795C}"
EndProject
Project("{FAE04EC0-301F-11D3-BF4B-00C04F79EFBC}") = "02_EcuatiaDeGrad2", "..\02_EcuatiaDeGrad2\02_EcuatiaDeGrad2.csproj", "{7BB25EB9-C3D4-4557-94FB-B5DCBE95D9CC}"
EndProject
Project("{FAE04EC0-301F-11D3-BF4B-00C04F79EFBC}") = "03_Divizibil", "..\03_Divizibil\03_Divizibil.csproj", "{08D025AA-E406-40E6-B716-2D9D09E68170}"
EndProject
Project("{FAE04EC0-301F-11D3-BF4B-00C04F79EFBC}") = "04_AnBisect", "..\04_AnBisect\04_AnBisect.csproj", "{A45179AE-7848-4104-8ED6-18628ADD8B0D}"
EndProject
Project("{FAE04EC0-301F-11D3-BF4B-00C04F79EFBC}") = "05_CifraNumarului", "..\05_CifraNumarului\05_CifraNumarului.csproj", "{356B26B4-F97F-478A-8930-ACA1FE81B79B}"
EndProject
Project("{FAE04EC0-301F-11D3-BF4B-00C04F79EFBC}") = "06_LaturiTriunghi", "..\06_LaturiTriunghi\06_LaturiTriunghi.csproj", "{5EAF8ECC-6675-4DC9-B75A-251669E80D22}"
EndProject
Project("{FAE04EC0-301F-11D3-BF4B-00C04F79EFBC}") = "07_Interschimbare", "..\07_Interschimbare\07_Interschimbare.csproj", "{CF5F19DD-0E76-474C-B56E-11D77E16E131}"
EndProject
Project("{FAE04EC0-301F-11D3-BF4B-00C04F79EFBC}") = "08_RestrictedSwap", "..\08_RestrictedSwap\08_RestrictedSwap.csproj", "{3073995C-BEF1-4215-8215-8C0A48FD604E}"
EndProject
Project("{FAE04EC0-301F-11D3-BF4B-00C04F79EFBC}") = "09_Divizori", "..\09_Divizori\09_Divizori.csproj", "{810DF3F1-D961-4061-8E55-EDA03CCBC590}"
EndProject
Global
	GlobalSection(SolutionConfigurationPlatforms) = preSolution
		Debug|Any CPU = Debug|Any CPU
		Release|Any CPU = Release|Any CPU
	EndGlobalSection
	GlobalSection(ProjectConfigurationPlatforms) = postSolution
		{55D0D9D0-F850-4A30-B486-6DB1A9B9B4CF}.Debug|Any CPU.ActiveCfg = Debug|Any CPU
		{55D0D9D0-F850-4A30-B486-6DB1A9B9B4CF}.Debug|Any CPU.Build.0 = Debug|Any CPU
		{55D0D9D0-F850-4A30-B486-6DB1A9B9B4CF}.Release|Any CPU.ActiveCfg = Release|Any CPU
		{55D0D9D0-F850-4A30-B486-6DB1A9B9B4CF}.Release|Any CPU.Build.0 = Release|Any CPU
		{89E1A63D-46C3-45BA-9DB8-AE3FB5415AE5}.Debug|Any CPU.ActiveCfg = Debug|Any CPU
		{89E1A63D-46C3-45BA-9DB8-AE3FB5415AE5}.Debug|Any CPU.Build.0 = Debug|Any CPU
		{89E1A63D-46C3-45BA-9DB8-AE3FB5415AE5}.Release|Any CPU.ActiveCfg = Release|Any CPU
		{89E1A63D-46C3-45BA-9DB8-AE3FB5415AE5}.Release|Any CPU.Build.0 = Release|Any CPU
		{E8B8AE73-3D1F-46FF-A3D7-207BD45D0699}.Debug|Any CPU.ActiveCfg = Debug|Any CPU
		{E8B8AE73-3D1F-46FF-A3D7-207BD45D0699}.Debug|Any CPU.Build.0 = Debug|Any CPU
		{E8B8AE73-3D1F-46FF-A3D7-207BD45D0699}.Release|Any CPU.ActiveCfg = Release|Any CPU
		{E8B8AE73-3D1F-46FF-A3D7-207BD45D0699}.Release|Any CPU.Build.0 = Release|Any CPU
		{1BBAF16A-D370-4061-B3B0-807169DB9457}.Debug|Any CPU.ActiveCfg = Debug|Any CPU
		{1BBAF16A-D370-4061-B3B0-807169DB9457}.Debug|Any CPU.Build.0 = Debug|Any CPU
		{1BBAF16A-D370-4061-B3B0-807169DB9457}.Release|Any CPU.ActiveCfg = Release|Any CPU
		{1BBAF16A-D370-4061-B3B0-807169DB9457}.Release|Any CPU.Build.0 = Release|Any CPU
		{142F1F77-A4BF-4A25-975F-6025B41D78FE}.Debug|Any CPU.ActiveCfg = Debug|Any CPU
		{142F1F77-A4BF-4A25-975F-6025B41D78FE}.Debug|Any CPU.Build.0 = Debug|Any CPU
		{142F1F77-A4BF-4A25-975F-6025B41D78FE}.Release|Any CPU.ActiveCfg = Release|Any CPU
		{142F1F77-A4BF-4A25-975F-6025B41D78FE}.Release|Any CPU.Build.0 = Release|Any CPU
		{723778BD-5ADC-42EB-BE5F-D472AB1AFD64}.Debug|Any CPU.ActiveCfg = Debug|Any CPU
		{723778BD-5ADC-42EB-BE5F-D472AB1AFD64}.Debug|Any CPU.Build.0 = Debug|Any CPU
		{723778BD-5ADC-42EB-BE5F-D472AB1AFD64}.Release|Any CPU.ActiveCfg = Release|Any CPU
		{723778BD-5ADC-42EB-BE5F-D472AB1AFD64}.Release|Any CPU.Build.0 = Release|Any CPU
		{73B103A0-8591-4669-81C6-60F6CFFEE0C8}.Debug|Any CPU.ActiveCfg = Debug|Any CPU
		{73B103A0-8591-4669-81C6-60F6CFFEE0C8}.Debug|Any CPU.Build.0 = Debug|Any CPU
		{73B103A0-8591-4669-81C6-60F6CFFEE0C8}.Release|Any CPU.ActiveCfg = Release|Any CPU
		{73B103A0-8591-4669-81C6-60F6CFFEE0C8}.Release|Any CPU.Build.0 = Release|Any CPU
		{915C8104-8B98-4491-81EC-6042D7953F37}.Debug|Any CPU.ActiveCfg = Debug|Any CPU
		{915C8104-8B98-4491-81EC-6042D7953F37}.Debug|Any CPU.Build.0 = Debug|Any CPU
		{915C8104-8B98-4491-81EC-6042D7953F37}.Release|Any CPU.ActiveCfg = Release|Any CPU
		{915C8104-8B98-4491-81EC-6042D7953F37}.Release|Any CPU.Build.0 = Release|Any CPU
		{9EAA0305-1EBC-49F6-AA7B-20F7E180801B}.Debug|Any CPU.ActiveCfg = Debug|Any CPU
		{9EAA0305-1EBC-49F6-AA7B-20F7E180801B}.Debug|Any CPU.Build.0 = Debug|Any CPU
		{9EAA0305-1EBC-49F6-AA7B-20F7E180801B}.Release|Any CPU.ActiveCfg = Release|Any CPU
		{9EAA0305-1EBC-49F6-AA7B-20F7E180801B}.Release|Any CPU.Build.0 = Release|Any CPU
		{3B0A0503-EDAC-4558-BCBC-21CA9FD9757E}.Debug|Any CPU.ActiveCfg = Debug|Any CPU
		{3B0A0503-EDAC-4558-BCBC-21CA9FD9757E}.Debug|Any CPU.Build.0 = Debug|Any CPU
		{3B0A0503-EDAC-4558-BCBC-21CA9FD9757E}.Release|Any CPU.ActiveCfg = Release|Any CPU
		{3B0A0503-EDAC-4558-BCBC-21CA9FD9757E}.Release|Any CPU.Build.0 = Release|Any CPU
		{DF51D8CC-67F1-4D87-8FAE-F060E833DDAA}.Debug|Any CPU.ActiveCfg = Debug|Any CPU
		{DF51D8CC-67F1-4D87-8FAE-F060E833DDAA}.Debug|Any CPU.Build.0 = Debug|Any CPU
		{DF51D8CC-67F1-4D87-8FAE-F060E833DDAA}.Release|Any CPU.ActiveCfg = Release|Any CPU
		{DF51D8CC-67F1-4D87-8FAE-F060E833DDAA}.Release|Any CPU.Build.0 = Release|Any CPU
		{56902E66-31A2-42F9-8AA6-AA97AC47036C}.Debug|Any CPU.ActiveCfg = Debug|Any CPU
		{56902E66-31A2-42F9-8AA6-AA97AC47036C}.Debug|Any CPU.Build.0 = Debug|Any CPU
		{56902E66-31A2-42F9-8AA6-AA97AC47036C}.Release|Any CPU.ActiveCfg = Release|Any CPU
		{56902E66-31A2-42F9-8AA6-AA97AC47036C}.Release|Any CPU.Build.0 = Release|Any CPU
		{E9A6860B-9D80-4943-87D7-F408F056795C}.Debug|Any CPU.ActiveCfg = Debug|Any CPU
		{E9A6860B-9D80-4943-87D7-F408F056795C}.Debug|Any CPU.Build.0 = Debug|Any CPU
		{E9A6860B-9D80-4943-87D7-F408F056795C}.Release|Any CPU.ActiveCfg = Release|Any CPU
		{E9A6860B-9D80-4943-87D7-F408F056795C}.Release|Any CPU.Build.0 = Release|Any CPU
		{7BB25EB9-C3D4-4557-94FB-B5DCBE95D9CC}.Debug|Any CPU.ActiveCfg = Debug|Any CPU
		{7BB25EB9-C3D4-4557-94FB-B5DCBE95D9CC}.Debug|Any CPU.Build.0 = Debug|Any CPU
		{7BB25EB9-C3D4-4557-94FB-B5DCBE95D9CC}.Release|Any CPU.ActiveCfg = Release|Any CPU
		{7BB25EB9-C3D4-4557-94FB-B5DCBE95D9CC}.Release|Any CPU.Build.0 = Release|Any CPU
		{08D025AA-E406-40E6-B716-2D9D09E68170}.Debug|Any CPU.ActiveCfg = Debug|Any CPU
		{08D025AA-E406-40E6-B716-2D9D09E68170}.Debug|Any CPU.Build.0 = Debug|Any CPU
		{08D025AA-E406-40E6-B716-2D9D09E68170}.Release|Any CPU.ActiveCfg = Release|Any CPU
		{08D025AA-E406-40E6-B716-2D9D09E68170}.Release|Any CPU.Build.0 = Release|Any CPU
		{A45179AE-7848-4104-8ED6-18628ADD8B0D}.Debug|Any CPU.ActiveCfg = Debug|Any CPU
		{A45179AE-7848-4104-8ED6-18628ADD8B0D}.Debug|Any CPU.Build.0 = Debug|Any CPU
		{A45179AE-7848-4104-8ED6-18628ADD8B0D}.Release|Any CPU.ActiveCfg = Release|Any CPU
		{A45179AE-7848-4104-8ED6-18628ADD8B0D}.Release|Any CPU.Build.0 = Release|Any CPU
		{356B26B4-F97F-478A-8930-ACA1FE81B79B}.Debug|Any CPU.ActiveCfg = Debug|Any CPU
		{356B26B4-F97F-478A-8930-ACA1FE81B79B}.Debug|Any CPU.Build.0 = Debug|Any CPU
		{356B26B4-F97F-478A-8930-ACA1FE81B79B}.Release|Any CPU.ActiveCfg = Release|Any CPU
		{356B26B4-F97F-478A-8930-ACA1FE81B79B}.Release|Any CPU.Build.0 = Release|Any CPU
		{5EAF8ECC-6675-4DC9-B75A-251669E80D22}.Debug|Any CPU.ActiveCfg = Debug|Any CPU
		{5EAF8ECC-6675-4DC9-B75A-251669E80D22}.Debug|Any CPU.Build.0 = Debug|Any CPU
		{5EAF8ECC-6675-4DC9-B75A-251669E80D22}.Release|Any CPU.ActiveCfg = Release|Any CPU
		{5EAF8ECC-6675-4DC9-B75A-251669E80D22}.Release|Any CPU.Build.0 = Release|Any CPU
		{CF5F19DD-0E76-474C-B56E-11D77E16E131}.Debug|Any CPU.ActiveCfg = Debug|Any CPU
		{CF5F19DD-0E76-474C-B56E-11D77E16E131}.Debug|Any CPU.Build.0 = Debug|Any CPU
		{CF5F19DD-0E76-474C-B56E-11D77E16E131}.Release|Any CPU.ActiveCfg = Release|Any CPU
		{CF5F19DD-0E76-474C-B56E-11D77E16E131}.Release|Any CPU.Build.0 = Release|Any CPU
		{3073995C-BEF1-4215-8215-8C0A48FD604E}.Debug|Any CPU.ActiveCfg = Debug|Any CPU
		{3073995C-BEF1-4215-8215-8C0A48FD604E}.Debug|Any CPU.Build.0 = Debug|Any CPU
		{3073995C-BEF1-4215-8215-8C0A48FD604E}.Release|Any CPU.ActiveCfg = Release|Any CPU
		{3073995C-BEF1-4215-8215-8C0A48FD604E}.Release|Any CPU.Build.0 = Release|Any CPU
		{810DF3F1-D961-4061-8E55-EDA03CCBC590}.Debug|Any CPU.ActiveCfg = Debug|Any CPU
		{810DF3F1-D961-4061-8E55-EDA03CCBC590}.Debug|Any CPU.Build.0 = Debug|Any CPU
		{810DF3F1-D961-4061-8E55-EDA03CCBC590}.Release|Any CPU.ActiveCfg = Release|Any CPU
		{810DF3F1-D961-4061-8E55-EDA03CCBC590}.Release|Any CPU.Build.0 = Release|Any CPU
	EndGlobalSection
	GlobalSection(SolutionProperties) = preSolution
		HideSolutionNode = FALSE
	EndGlobalSection
	GlobalSection(ExtensibilityGlobals) = postSolution
		SolutionGuid = {747A45E9-CA2A-43BA-A12B-8907E9B38682}
	EndGlobalSection
EndGlobal
